// !$*UTF8*$!
{
	archiveVersion = 1;
	classes = {
	};
	objectVersion = 77;
	objects = {

/* Begin PBXContainerItemProxy section */
		403CE17C2D8C1CE100C52032 /* PBXContainerItemProxy */ = {
			isa = PBXContainerItemProxy;
			containerPortal = 403CE1612D8C1CE100C52032 /* Project object */;
			proxyType = 1;
			remoteGlobalIDString = 403CE1682D8C1CE100C52032;
			remoteInfo = Foozy;
		};
		403CE1862D8C1CE200C52032 /* PBXContainerItemProxy */ = {
			isa = PBXContainerItemProxy;
			containerPortal = 403CE1612D8C1CE100C52032 /* Project object */;
			proxyType = 1;
			remoteGlobalIDString = 403CE1682D8C1CE100C52032;
			remoteInfo = Foozy;
		};
/* End PBXContainerItemProxy section */

/* Begin PBXFileReference section */
		403CE1692D8C1CE100C52032 /* Foozy.app */ = {isa = PBXFileReference; explicitFileType = wrapper.application; includeInIndex = 0; path = Foozy.app; sourceTree = BUILT_PRODUCTS_DIR; };
		403CE17B2D8C1CE100C52032 /* FoozyTests.xctest */ = {isa = PBXFileReference; explicitFileType = wrapper.cfbundle; includeInIndex = 0; path = FoozyTests.xctest; sourceTree = BUILT_PRODUCTS_DIR; };
		403CE1852D8C1CE200C52032 /* FoozyUITests.xctest */ = {isa = PBXFileReference; explicitFileType = wrapper.cfbundle; includeInIndex = 0; path = FoozyUITests.xctest; sourceTree = BUILT_PRODUCTS_DIR; };
/* End PBXFileReference section */

/* Begin PBXFileSystemSynchronizedRootGroup section */
		403CE16B2D8C1CE100C52032 /* Foozy */ = {
			isa = PBXFileSystemSynchronizedRootGroup;
			path = Foozy;
			sourceTree = "<group>";
		};
		403CE17E2D8C1CE100C52032 /* FoozyTests */ = {
			isa = PBXFileSystemSynchronizedRootGroup;
			path = FoozyTests;
			sourceTree = "<group>";
		};
		403CE1882D8C1CE200C52032 /* FoozyUITests */ = {
			isa = PBXFileSystemSynchronizedRootGroup;
			path = FoozyUITests;
			sourceTree = "<group>";
		};
/* End PBXFileSystemSynchronizedRootGroup section */

/* Begin PBXFrameworksBuildPhase section */
		403CE1662D8C1CE100C52032 /* Frameworks */ = {
			isa = PBXFrameworksBuildPhase;
			buildActionMask = 2147483647;
			files = (
			);
			runOnlyForDeploymentPostprocessing = 0;
		};
		403CE1782D8C1CE100C52032 /* Frameworks */ = {
			isa = PBXFrameworksBuildPhase;
			buildActionMask = 2147483647;
			files = (
			);
			runOnlyForDeploymentPostprocessing = 0;
		};
		403CE1822D8C1CE200C52032 /* Frameworks */ = {
			isa = PBXFrameworksBuildPhase;
			buildActionMask = 2147483647;
			files = (
			);
			runOnlyForDeploymentPostprocessing = 0;
		};
/* End PBXFrameworksBuildPhase section */

/* Begin PBXGroup section */
		403CE1602D8C1CE100C52032 = {
			isa = PBXGroup;
			children = (
				403CE16B2D8C1CE100C52032 /* Foozy */,
				403CE17E2D8C1CE100C52032 /* FoozyTests */,
				403CE1882D8C1CE200C52032 /* FoozyUITests */,
				403CE16A2D8C1CE100C52032 /* Products */,
			);
			sourceTree = "<group>";
		};
		403CE16A2D8C1CE100C52032 /* Products */ = {
			isa = PBXGroup;
			children = (
				403CE1692D8C1CE100C52032 /* Foozy.app */,
				403CE17B2D8C1CE100C52032 /* FoozyTests.xctest */,
				403CE1852D8C1CE200C52032 /* FoozyUITests.xctest */,
			);
			name = Products;
			sourceTree = "<group>";
		};
/* End PBXGroup section */

/* Begin PBXNativeTarget section */
		403CE1682D8C1CE100C52032 /* Foozy */ = {
			isa = PBXNativeTarget;
			buildConfigurationList = 403CE18F2D8C1CE200C52032 /* Build configuration list for PBXNativeTarget "Foozy" */;
			buildPhases = (
				403CE1652D8C1CE100C52032 /* Sources */,
				403CE1662D8C1CE100C52032 /* Frameworks */,
				403CE1672D8C1CE100C52032 /* Resources */,
			);
			buildRules = (
			);
			dependencies = (
			);
			fileSystemSynchronizedGroups = (
				403CE16B2D8C1CE100C52032 /* Foozy */,
			);
			name = Foozy;
			packageProductDependencies = (
			);
			productName = Foozy;
			productReference = 403CE1692D8C1CE100C52032 /* Foozy.app */;
			productType = "com.apple.product-type.application";
		};
		403CE17A2D8C1CE100C52032 /* FoozyTests */ = {
			isa = PBXNativeTarget;
			buildConfigurationList = 403CE1922D8C1CE200C52032 /* Build configuration list for PBXNativeTarget "FoozyTests" */;
			buildPhases = (
				403CE1772D8C1CE100C52032 /* Sources */,
				403CE1782D8C1CE100C52032 /* Frameworks */,
				403CE1792D8C1CE100C52032 /* Resources */,
			);
			buildRules = (
			);
			dependencies = (
				403CE17D2D8C1CE100C52032 /* PBXTargetDependency */,
			);
			fileSystemSynchronizedGroups = (
				403CE17E2D8C1CE100C52032 /* FoozyTests */,
			);
			name = FoozyTests;
			packageProductDependencies = (
			);
			productName = FoozyTests;
			productReference = 403CE17B2D8C1CE100C52032 /* FoozyTests.xctest */;
			productType = "com.apple.product-type.bundle.unit-test";
		};
		403CE1842D8C1CE200C52032 /* FoozyUITests */ = {
			isa = PBXNativeTarget;
			buildConfigurationList = 403CE1952D8C1CE200C52032 /* Build configuration list for PBXNativeTarget "FoozyUITests" */;
			buildPhases = (
				403CE1812D8C1CE200C52032 /* Sources */,
				403CE1822D8C1CE200C52032 /* Frameworks */,
				403CE1832D8C1CE200C52032 /* Resources */,
			);
			buildRules = (
			);
			dependencies = (
				403CE1872D8C1CE200C52032 /* PBXTargetDependency */,
			);
			fileSystemSynchronizedGroups = (
				403CE1882D8C1CE200C52032 /* FoozyUITests */,
			);
			name = FoozyUITests;
			packageProductDependencies = (
			);
			productName = FoozyUITests;
			productReference = 403CE1852D8C1CE200C52032 /* FoozyUITests.xctest */;
			productType = "com.apple.product-type.bundle.ui-testing";
		};
/* End PBXNativeTarget section */

/* Begin PBXProject section */
		403CE1612D8C1CE100C52032 /* Project object */ = {
			isa = PBXProject;
			attributes = {
				BuildIndependentTargetsInParallel = 1;
				LastSwiftUpdateCheck = 1620;
				LastUpgradeCheck = 1620;
				TargetAttributes = {
					403CE1682D8C1CE100C52032 = {
						CreatedOnToolsVersion = 16.2;
					};
					403CE17A2D8C1CE100C52032 = {
						CreatedOnToolsVersion = 16.2;
						TestTargetID = 403CE1682D8C1CE100C52032;
					};
					403CE1842D8C1CE200C52032 = {
						CreatedOnToolsVersion = 16.2;
						TestTargetID = 403CE1682D8C1CE100C52032;
					};
				};
			};
			buildConfigurationList = 403CE1642D8C1CE100C52032 /* Build configuration list for PBXProject "Foozy" */;
			developmentRegion = en;
			hasScannedForEncodings = 0;
			knownRegions = (
				en,
				Base,
			);
			mainGroup = 403CE1602D8C1CE100C52032;
			minimizedProjectReferenceProxies = 1;
			preferredProjectObjectVersion = 77;
			productRefGroup = 403CE16A2D8C1CE100C52032 /* Products */;
			projectDirPath = "";
			projectRoot = "";
			targets = (
				403CE1682D8C1CE100C52032 /* Foozy */,
				403CE17A2D8C1CE100C52032 /* FoozyTests */,
				403CE1842D8C1CE200C52032 /* FoozyUITests */,
			);
		};
/* End PBXProject section */

/* Begin PBXResourcesBuildPhase section */
		403CE1672D8C1CE100C52032 /* Resources */ = {
			isa = PBXResourcesBuildPhase;
			buildActionMask = 2147483647;
			files = (
			);
			runOnlyForDeploymentPostprocessing = 0;
		};
		403CE1792D8C1CE100C52032 /* Resources */ = {
			isa = PBXResourcesBuildPhase;
			buildActionMask = 2147483647;
			files = (
			);
			runOnlyForDeploymentPostprocessing = 0;
		};
		403CE1832D8C1CE200C52032 /* Resources */ = {
			isa = PBXResourcesBuildPhase;
			buildActionMask = 2147483647;
			files = (
			);
			runOnlyForDeploymentPostprocessing = 0;
		};
/* End PBXResourcesBuildPhase section */

/* Begin PBXSourcesBuildPhase section */
		403CE1652D8C1CE100C52032 /* Sources */ = {
			isa = PBXSourcesBuildPhase;
			buildActionMask = 2147483647;
			files = (
			);
			runOnlyForDeploymentPostprocessing = 0;
		};
		403CE1772D8C1CE100C52032 /* Sources */ = {
			isa = PBXSourcesBuildPhase;
			buildActionMask = 2147483647;
			files = (
			);
			runOnlyForDeploymentPostprocessing = 0;
		};
		403CE1812D8C1CE200C52032 /* Sources */ = {
			isa = PBXSourcesBuildPhase;
			buildActionMask = 2147483647;
			files = (
			);
			runOnlyForDeploymentPostprocessing = 0;
		};
/* End PBXSourcesBuildPhase section */

/* Begin PBXTargetDependency section */
		403CE17D2D8C1CE100C52032 /* PBXTargetDependency */ = {
			isa = PBXTargetDependency;
			target = 403CE1682D8C1CE100C52032 /* Foozy */;
			targetProxy = 403CE17C2D8C1CE100C52032 /* PBXContainerItemProxy */;
		};
		403CE1872D8C1CE200C52032 /* PBXTargetDependency */ = {
			isa = PBXTargetDependency;
			target = 403CE1682D8C1CE100C52032 /* Foozy */;
			targetProxy = 403CE1862D8C1CE200C52032 /* PBXContainerItemProxy */;
		};
/* End PBXTargetDependency section */

/* Begin XCBuildConfiguration section */
		403CE18D2D8C1CE200C52032 /* Debug */ = {
			isa = XCBuildConfiguration;
			buildSettings = {
				ALWAYS_SEARCH_USER_PATHS = NO;
				ASSETCATALOG_COMPILER_GENERATE_SWIFT_ASSET_SYMBOL_EXTENSIONS = YES;
				CLANG_ANALYZER_NONNULL = YES;
				CLANG_ANALYZER_NUMBER_OBJECT_CONVERSION = YES_AGGRESSIVE;
				CLANG_CXX_LANGUAGE_STANDARD = "gnu++20";
				CLANG_ENABLE_MODULES = YES;
				CLANG_ENABLE_OBJC_ARC = YES;
				CLANG_ENABLE_OBJC_WEAK = YES;
				CLANG_WARN_BLOCK_CAPTURE_AUTORELEASING = YES;
				CLANG_WARN_BOOL_CONVERSION = YES;
				CLANG_WARN_COMMA = YES;
				CLANG_WARN_CONSTANT_CONVERSION = YES;
				CLANG_WARN_DEPRECATED_OBJC_IMPLEMENTATIONS = YES;
				CLANG_WARN_DIRECT_OBJC_ISA_USAGE = YES_ERROR;
				CLANG_WARN_DOCUMENTATION_COMMENTS = YES;
				CLANG_WARN_EMPTY_BODY = YES;
				CLANG_WARN_ENUM_CONVERSION = YES;
				CLANG_WARN_INFINITE_RECURSION = YES;
				CLANG_WARN_INT_CONVERSION = YES;
				CLANG_WARN_NON_LITERAL_NULL_CONVERSION = YES;
				CLANG_WARN_OBJC_IMPLICIT_RETAIN_SELF = YES;
				CLANG_WARN_OBJC_LITERAL_CONVERSION = YES;
				CLANG_WARN_OBJC_ROOT_CLASS = YES_ERROR;
				CLANG_WARN_QUOTED_INCLUDE_IN_FRAMEWORK_HEADER = YES;
				CLANG_WARN_RANGE_LOOP_ANALYSIS = YES;
				CLANG_WARN_STRICT_PROTOTYPES = YES;
				CLANG_WARN_SUSPICIOUS_MOVE = YES;
				CLANG_WARN_UNGUARDED_AVAILABILITY = YES_AGGRESSIVE;
				CLANG_WARN_UNREACHABLE_CODE = YES;
				CLANG_WARN__DUPLICATE_METHOD_MATCH = YES;
				COPY_PHASE_STRIP = NO;
				DEBUG_INFORMATION_FORMAT = dwarf;
				ENABLE_STRICT_OBJC_MSGSEND = YES;
				ENABLE_TESTABILITY = YES;
				ENABLE_USER_SCRIPT_SANDBOXING = YES;
				GCC_C_LANGUAGE_STANDARD = gnu17;
				GCC_DYNAMIC_NO_PIC = NO;
				GCC_NO_COMMON_BLOCKS = YES;
				GCC_OPTIMIZATION_LEVEL = 0;
				GCC_PREPROCESSOR_DEFINITIONS = (
					"DEBUG=1",
					"$(inherited)",
				);
				GCC_WARN_64_TO_32_BIT_CONVERSION = YES;
				GCC_WARN_ABOUT_RETURN_TYPE = YES_ERROR;
				GCC_WARN_UNDECLARED_SELECTOR = YES;
				GCC_WARN_UNINITIALIZED_AUTOS = YES_AGGRESSIVE;
				GCC_WARN_UNUSED_FUNCTION = YES;
				GCC_WARN_UNUSED_VARIABLE = YES;
				IPHONEOS_DEPLOYMENT_TARGET = 18.2;
				LOCALIZATION_PREFERS_STRING_CATALOGS = YES;
				MTL_ENABLE_DEBUG_INFO = INCLUDE_SOURCE;
				MTL_FAST_MATH = YES;
				ONLY_ACTIVE_ARCH = YES;
				SDKROOT = iphoneos;
				SWIFT_ACTIVE_COMPILATION_CONDITIONS = "DEBUG $(inherited)";
				SWIFT_OPTIMIZATION_LEVEL = "-Onone";
			};
			name = Debug;
		};
		403CE18E2D8C1CE200C52032 /* Release */ = {
			isa = XCBuildConfiguration;
			buildSettings = {
				ALWAYS_SEARCH_USER_PATHS = NO;
				ASSETCATALOG_COMPILER_GENERATE_SWIFT_ASSET_SYMBOL_EXTENSIONS = YES;
				CLANG_ANALYZER_NONNULL = YES;
				CLANG_ANALYZER_NUMBER_OBJECT_CONVERSION = YES_AGGRESSIVE;
				CLANG_CXX_LANGUAGE_STANDARD = "gnu++20";
				CLANG_ENABLE_MODULES = YES;
				CLANG_ENABLE_OBJC_ARC = YES;
				CLANG_ENABLE_OBJC_WEAK = YES;
				CLANG_WARN_BLOCK_CAPTURE_AUTORELEASING = YES;
				CLANG_WARN_BOOL_CONVERSION = YES;
				CLANG_WARN_COMMA = YES;
				CLANG_WARN_CONSTANT_CONVERSION = YES;
				CLANG_WARN_DEPRECATED_OBJC_IMPLEMENTATIONS = YES;
				CLANG_WARN_DIRECT_OBJC_ISA_USAGE = YES_ERROR;
				CLANG_WARN_DOCUMENTATION_COMMENTS = YES;
				CLANG_WARN_EMPTY_BODY = YES;
				CLANG_WARN_ENUM_CONVERSION = YES;
				CLANG_WARN_INFINITE_RECURSION = YES;
				CLANG_WARN_INT_CONVERSION = YES;
				CLANG_WARN_NON_LITERAL_NULL_CONVERSION = YES;
				CLANG_WARN_OBJC_IMPLICIT_RETAIN_SELF = YES;
				CLANG_WARN_OBJC_LITERAL_CONVERSION = YES;
				CLANG_WARN_OBJC_ROOT_CLASS = YES_ERROR;
				CLANG_WARN_QUOTED_INCLUDE_IN_FRAMEWORK_HEADER = YES;
				CLANG_WARN_RANGE_LOOP_ANALYSIS = YES;
				CLANG_WARN_STRICT_PROTOTYPES = YES;
				CLANG_WARN_SUSPICIOUS_MOVE = YES;
				CLANG_WARN_UNGUARDED_AVAILABILITY = YES_AGGRESSIVE;
				CLANG_WARN_UNREACHABLE_CODE = YES;
				CLANG_WARN__DUPLICATE_METHOD_MATCH = YES;
				COPY_PHASE_STRIP = NO;
				DEBUG_INFORMATION_FORMAT = "dwarf-with-dsym";
				ENABLE_NS_ASSERTIONS = NO;
				ENABLE_STRICT_OBJC_MSGSEND = YES;
				ENABLE_USER_SCRIPT_SANDBOXING = YES;
				GCC_C_LANGUAGE_STANDARD = gnu17;
				GCC_NO_COMMON_BLOCKS = YES;
				GCC_WARN_64_TO_32_BIT_CONVERSION = YES;
				GCC_WARN_ABOUT_RETURN_TYPE = YES_ERROR;
				GCC_WARN_UNDECLARED_SELECTOR = YES;
				GCC_WARN_UNINITIALIZED_AUTOS = YES_AGGRESSIVE;
				GCC_WARN_UNUSED_FUNCTION = YES;
				GCC_WARN_UNUSED_VARIABLE = YES;
				IPHONEOS_DEPLOYMENT_TARGET = 18.2;
				LOCALIZATION_PREFERS_STRING_CATALOGS = YES;
				MTL_ENABLE_DEBUG_INFO = NO;
				MTL_FAST_MATH = YES;
				SDKROOT = iphoneos;
				SWIFT_COMPILATION_MODE = wholemodule;
				VALIDATE_PRODUCT = YES;
			};
			name = Release;
		};
		403CE1902D8C1CE200C52032 /* Debug */ = {
			isa = XCBuildConfiguration;
			buildSettings = {
				ASSETCATALOG_COMPILER_APPICON_NAME = AppIcon;
				ASSETCATALOG_COMPILER_GLOBAL_ACCENT_COLOR_NAME = AccentColor;
				CODE_SIGN_STYLE = Automatic;
				CURRENT_PROJECT_VERSION = 1;
				DEVELOPMENT_ASSET_PATHS = "\"Foozy/Preview Content\"";
				DEVELOPMENT_TEAM = VY8D8XH3TV;
				ENABLE_PREVIEWS = YES;
				GENERATE_INFOPLIST_FILE = YES;
				INFOPLIST_KEY_UIApplicationSceneManifest_Generation = YES;
				INFOPLIST_KEY_UIApplicationSupportsIndirectInputEvents = YES;
				INFOPLIST_KEY_UILaunchScreen_Generation = YES;
				INFOPLIST_KEY_UILaunchStoryboardName = LaunchScreen;
				INFOPLIST_KEY_UISupportedInterfaceOrientations_iPad = "UIInterfaceOrientationPortrait UIInterfaceOrientationPortraitUpsideDown UIInterfaceOrientationLandscapeLeft UIInterfaceOrientationLandscapeRight";
				INFOPLIST_KEY_UISupportedInterfaceOrientations_iPhone = UIInterfaceOrientationPortrait;
				LD_RUNPATH_SEARCH_PATHS = (
					"$(inherited)",
					"@executable_path/Frameworks",
				);
				MARKETING_VERSION = 1.0;
				PRODUCT_BUNDLE_IDENTIFIER = Foozy.Foozy;
				PRODUCT_NAME = "$(TARGET_NAME)";
				SWIFT_EMIT_LOC_STRINGS = YES;
				SWIFT_VERSION = 5.0;
				TARGETED_DEVICE_FAMILY = "1,2";
			};
			name = Debug;
		};
		403CE1912D8C1CE200C52032 /* Release */ = {
			isa = XCBuildConfiguration;
			buildSettings = {
				ASSETCATALOG_COMPILER_APPICON_NAME = AppIcon;
				ASSETCATALOG_COMPILER_GLOBAL_ACCENT_COLOR_NAME = AccentColor;
				CODE_SIGN_STYLE = Automatic;
				CURRENT_PROJECT_VERSION = 1;
				DEVELOPMENT_ASSET_PATHS = "\"Foozy/Preview Content\"";
				DEVELOPMENT_TEAM = VY8D8XH3TV;
				ENABLE_PREVIEWS = YES;
				GENERATE_INFOPLIST_FILE = YES;
				INFOPLIST_KEY_UIApplicationSceneManifest_Generation = YES;
				INFOPLIST_KEY_UIApplicationSupportsIndirectInputEvents = YES;
				INFOPLIST_KEY_UILaunchScreen_Generation = YES;
				INFOPLIST_KEY_UILaunchStoryboardName = LaunchScreen;
				INFOPLIST_KEY_UISupportedInterfaceOrientations_iPad = "UIInterfaceOrientationPortrait UIInterfaceOrientationPortraitUpsideDown UIInterfaceOrientationLandscapeLeft UIInterfaceOrientationLandscapeRight";
				INFOPLIST_KEY_UISupportedInterfaceOrientations_iPhone = UIInterfaceOrientationPortrait;
				LD_RUNPATH_SEARCH_PATHS = (
					"$(inherited)",
					"@executable_path/Frameworks",
				);
				MARKETING_VERSION = 1.0;
				PRODUCT_BUNDLE_IDENTIFIER = Foozy.Foozy;
				PRODUCT_NAME = "$(TARGET_NAME)";
				SWIFT_EMIT_LOC_STRINGS = YES;
				SWIFT_VERSION = 5.0;
				TARGETED_DEVICE_FAMILY = "1,2";
			};
			name = Release;
		};
		403CE1932D8C1CE200C52032 /* Debug */ = {
			isa = XCBuildConfiguration;
			buildSettings = {
				BUNDLE_LOADER = "$(TEST_HOST)";
				CODE_SIGN_STYLE = Automatic;
				CURRENT_PROJECT_VERSION = 1;
				GENERATE_INFOPLIST_FILE = YES;
				IPHONEOS_DEPLOYMENT_TARGET = 18.2;
				MARKETING_VERSION = 1.0;
				PRODUCT_BUNDLE_IDENTIFIER = Foozy.FoozyTests;
				PRODUCT_NAME = "$(TARGET_NAME)";
				SWIFT_EMIT_LOC_STRINGS = NO;
				SWIFT_VERSION = 5.0;
				TARGETED_DEVICE_FAMILY = "1,2";
				TEST_HOST = "$(BUILT_PRODUCTS_DIR)/Foozy.app/$(BUNDLE_EXECUTABLE_FOLDER_PATH)/Foozy";
			};
			name = Debug;
		};
		403CE1942D8C1CE200C52032 /* Release */ = {
			isa = XCBuildConfiguration;
			buildSettings = {
				BUNDLE_LOADER = "$(TEST_HOST)";
				CODE_SIGN_STYLE = Automatic;
				CURRENT_PROJECT_VERSION = 1;
				GENERATE_INFOPLIST_FILE = YES;
				IPHONEOS_DEPLOYMENT_TARGET = 18.2;
				MARKETING_VERSION = 1.0;
				PRODUCT_BUNDLE_IDENTIFIER = Foozy.FoozyTests;
				PRODUCT_NAME = "$(TARGET_NAME)";
				SWIFT_EMIT_LOC_STRINGS = NO;
				SWIFT_VERSION = 5.0;
				TARGETED_DEVICE_FAMILY = "1,2";
				TEST_HOST = "$(BUILT_PRODUCTS_DIR)/Foozy.app/$(BUNDLE_EXECUTABLE_FOLDER_PATH)/Foozy";
			};
			name = Release;
		};
		403CE1962D8C1CE200C52032 /* Debug */ = {
			isa = XCBuildConfiguration;
			buildSettings = {
				CODE_SIGN_STYLE = Automatic;
				CURRENT_PROJECT_VERSION = 1;
				GENERATE_INFOPLIST_FILE = YES;
				MARKETING_VERSION = 1.0;
				PRODUCT_BUNDLE_IDENTIFIER = Foozy.FoozyUITests;
				PRODUCT_NAME = "$(TARGET_NAME)";
				SWIFT_EMIT_LOC_STRINGS = NO;
				SWIFT_VERSION = 5.0;
				TARGETED_DEVICE_FAMILY = "1,2";
				TEST_TARGET_NAME = Foozy;
			};
			name = Debug;
		};
		403CE1972D8C1CE200C52032 /* Release */ = {
			isa = XCBuildConfiguration;
			buildSettings = {
				CODE_SIGN_STYLE = Automatic;
				CURRENT_PROJECT_VERSION = 1;
				GENERATE_INFOPLIST_FILE = YES;
				MARKETING_VERSION = 1.0;
				PRODUCT_BUNDLE_IDENTIFIER = Foozy.FoozyUITests;
				PRODUCT_NAME = "$(TARGET_NAME)";
				SWIFT_EMIT_LOC_STRINGS = NO;
				SWIFT_VERSION = 5.0;
				TARGETED_DEVICE_FAMILY = "1,2";
				TEST_TARGET_NAME = Foozy;
			};
			name = Release;
		};
/* End XCBuildConfiguration section */

/* Begin XCConfigurationList section */
		403CE1642D8C1CE100C52032 /* Build configuration list for PBXProject "Foozy" */ = {
			isa = XCConfigurationList;
			buildConfigurations = (
				403CE18D2D8C1CE200C52032 /* Debug */,
				403CE18E2D8C1CE200C52032 /* Release */,
			);
			defaultConfigurationIsVisible = 0;
			defaultConfigurationName = Release;
		};
		403CE18F2D8C1CE200C52032 /* Build configuration list for PBXNativeTarget "Foozy" */ = {
			isa = XCConfigurationList;
			buildConfigurations = (
				403CE1902D8C1CE200C52032 /* Debug */,
				403CE1912D8C1CE200C52032 /* Release */,
			);
			defaultConfigurationIsVisible = 0;
			defaultConfigurationName = Release;
		};
		403CE1922D8C1CE200C52032 /* Build configuration list for PBXNativeTarget "FoozyTests" */ = {
			isa = XCConfigurationList;
			buildConfigurations = (
				403CE1932D8C1CE200C52032 /* Debug */,
				403CE1942D8C1CE200C52032 /* Release */,
			);
			defaultConfigurationIsVisible = 0;
			defaultConfigurationName = Release;
		};
		403CE1952D8C1CE200C52032 /* Build configuration list for PBXNativeTarget "FoozyUITests" */ = {
			isa = XCConfigurationList;
			buildConfigurations = (
				403CE1962D8C1CE200C52032 /* Debug */,
				403CE1972D8C1CE200C52032 /* Release */,
			);
			defaultConfigurationIsVisible = 0;
			defaultConfigurationName = Release;
		};
/* End XCConfigurationList section */
	};
	rootObject = 403CE1612D8C1CE100C52032 /* Project object */;
}
